// !$*UTF8*$!
{
	archiveVersion = 1;
	classes = {
	};
	objectVersion = 46;
	objects = {

/* Begin PBXBuildFile section */
		FD1E4DF81EE0966700626E22 /* AppDelegate.swift in Sources */ = {isa = PBXBuildFile; fileRef = FD1E4DF71EE0966700626E22 /* AppDelegate.swift */; };
		FD1E4DFA1EE0966700626E22 /* GameScene.sks in Resources */ = {isa = PBXBuildFile; fileRef = FD1E4DF91EE0966700626E22 /* GameScene.sks */; };
		FD1E4DFC1EE0966700626E22 /* Actions.sks in Resources */ = {isa = PBXBuildFile; fileRef = FD1E4DFB1EE0966700626E22 /* Actions.sks */; };
		FD1E4DFE1EE0966700626E22 /* GameScene.swift in Sources */ = {isa = PBXBuildFile; fileRef = FD1E4DFD1EE0966700626E22 /* GameScene.swift */; };
		FD1E4E001EE0966700626E22 /* GameViewController.swift in Sources */ = {isa = PBXBuildFile; fileRef = FD1E4DFF1EE0966700626E22 /* GameViewController.swift */; };
		FD1E4E031EE0966700626E22 /* Main.storyboard in Resources */ = {isa = PBXBuildFile; fileRef = FD1E4E011EE0966700626E22 /* Main.storyboard */; };
		FD1E4E051EE0966700626E22 /* Assets.xcassets in Resources */ = {isa = PBXBuildFile; fileRef = FD1E4E041EE0966700626E22 /* Assets.xcassets */; };
		FD1E4E081EE0966700626E22 /* LaunchScreen.storyboard in Resources */ = {isa = PBXBuildFile; fileRef = FD1E4E061EE0966700626E22 /* LaunchScreen.storyboard */; };
		FD1E4E101EE096F000626E22 /* Unit.swift in Sources */ = {isa = PBXBuildFile; fileRef = FD1E4E0F1EE096F000626E22 /* Unit.swift */; };
		FD1E4E131EE0974900626E22 /* Warrior.swift in Sources */ = {isa = PBXBuildFile; fileRef = FD1E4E121EE0974900626E22 /* Warrior.swift */; };
		FD1E4E161EE097DC00626E22 /* LevelMap.swift in Sources */ = {isa = PBXBuildFile; fileRef = FD1E4E151EE097DC00626E22 /* LevelMap.swift */; };
		FD1E4E1C1EE098AB00626E22 /* UserDatabase.swift in Sources */ = {isa = PBXBuildFile; fileRef = FD1E4E1B1EE098AB00626E22 /* UserDatabase.swift */; };
		FD1E4E201EE108EB00626E22 /* Item.swift in Sources */ = {isa = PBXBuildFile; fileRef = FD1E4E1F1EE108EB00626E22 /* Item.swift */; };
		FD1E4E221EE108FE00626E22 /* Weapon.swift in Sources */ = {isa = PBXBuildFile; fileRef = FD1E4E211EE108FE00626E22 /* Weapon.swift */; };
		FD1E4E251EE1097600626E22 /* BattleEngine.swift in Sources */ = {isa = PBXBuildFile; fileRef = FD1E4E241EE1097600626E22 /* BattleEngine.swift */; };
		FD1E4E271EE10C5D00626E22 /* Armor.swift in Sources */ = {isa = PBXBuildFile; fileRef = FD1E4E261EE10C5D00626E22 /* Armor.swift */; };
		FD1E4E291EE10CD400626E22 /* PartyMembers.swift in Sources */ = {isa = PBXBuildFile; fileRef = FD1E4E281EE10CD400626E22 /* PartyMembers.swift */; };
		FD1E4E2B1EE10DD500626E22 /* EquipmentController.swift in Sources */ = {isa = PBXBuildFile; fileRef = FD1E4E2A1EE10DD500626E22 /* EquipmentController.swift */; };
		FD1E4E2F1EE24D7800626E22 /* PlayerUnit.swift in Sources */ = {isa = PBXBuildFile; fileRef = FD1E4E2E1EE24D7800626E22 /* PlayerUnit.swift */; };
		FD1E4E311EE24DBF00626E22 /* MonsterUnit.swift in Sources */ = {isa = PBXBuildFile; fileRef = FD1E4E301EE24DBF00626E22 /* MonsterUnit.swift */; };
		FD1E4E341EE24EFD00626E22 /* StatsComponent.swift in Sources */ = {isa = PBXBuildFile; fileRef = FD1E4E331EE24EFD00626E22 /* StatsComponent.swift */; };
		FD1E4E381EE2519900626E22 /* Slash.swift in Sources */ = {isa = PBXBuildFile; fileRef = FD1E4E371EE2519900626E22 /* Slash.swift */; };
		FD1E4E3A1EE251B300626E22 /* Skill.swift in Sources */ = {isa = PBXBuildFile; fileRef = FD1E4E391EE251B300626E22 /* Skill.swift */; };
		FD1E4E3C1EE316B000626E22 /* GoblinSpear.swift in Sources */ = {isa = PBXBuildFile; fileRef = FD1E4E3B1EE316B000626E22 /* GoblinSpear.swift */; };
		FD1E4E401EE3904F00626E22 /* BattleTeam.swift in Sources */ = {isa = PBXBuildFile; fileRef = FD1E4E3F1EE3904F00626E22 /* BattleTeam.swift */; };
		FD1E4E431EE3B74E00626E22 /* Stab.swift in Sources */ = {isa = PBXBuildFile; fileRef = FD1E4E421EE3B74E00626E22 /* Stab.swift */; };
		FD1E4E451EE5CAF500626E22 /* PlayerTeam.swift in Sources */ = {isa = PBXBuildFile; fileRef = FD1E4E441EE5CAF500626E22 /* PlayerTeam.swift */; };
		FD1E4E471EE5CB0800626E22 /* MonsterTeam.swift in Sources */ = {isa = PBXBuildFile; fileRef = FD1E4E461EE5CB0800626E22 /* MonsterTeam.swift */; };
		FD1E4E4C1EE5DA3F00626E22 /* BattleHUDLayer.swift in Sources */ = {isa = PBXBuildFile; fileRef = FD1E4E4B1EE5DA3F00626E22 /* BattleHUDLayer.swift */; };
		FD1E4E501EE8E54400626E22 /* SkillManager.swift in Sources */ = {isa = PBXBuildFile; fileRef = FD1E4E4F1EE8E54400626E22 /* SkillManager.swift */; };
		FD1E4E521EEA429F00626E22 /* SpriteComponent.swift in Sources */ = {isa = PBXBuildFile; fileRef = FD1E4E511EEA429F00626E22 /* SpriteComponent.swift */; };
		FD1E4E541EEA433500626E22 /* Extensions.swift in Sources */ = {isa = PBXBuildFile; fileRef = FD1E4E531EEA433500626E22 /* Extensions.swift */; };
		FD1E4E561EEA435500626E22 /* GlobalVariables.swift in Sources */ = {isa = PBXBuildFile; fileRef = FD1E4E551EEA435500626E22 /* GlobalVariables.swift */; };
		FD1E4E581EEA6C2E00626E22 /* BattleHUDLayer.xib in Resources */ = {isa = PBXBuildFile; fileRef = FD1E4E571EEA6C2E00626E22 /* BattleHUDLayer.xib */; };
		FD1E4E5A1EEF7F3100626E22 /* SkillCard.swift in Sources */ = {isa = PBXBuildFile; fileRef = FD1E4E591EEF7F3100626E22 /* SkillCard.swift */; };
		FD1E4E5C1EEF815500626E22 /* BattleComponent.swift in Sources */ = {isa = PBXBuildFile; fileRef = FD1E4E5B1EEF815500626E22 /* BattleComponent.swift */; };
		FD1E4E5E1EF084BD00626E22 /* BattleStation.swift in Sources */ = {isa = PBXBuildFile; fileRef = FD1E4E5D1EF084BD00626E22 /* BattleStation.swift */; };
/* End PBXBuildFile section */

/* Begin PBXFileReference section */
		FD1E4DF41EE0966700626E22 /* Dungeonaire.app */ = {isa = PBXFileReference; explicitFileType = wrapper.application; includeInIndex = 0; path = Dungeonaire.app; sourceTree = BUILT_PRODUCTS_DIR; };
		FD1E4DF71EE0966700626E22 /* AppDelegate.swift */ = {isa = PBXFileReference; lastKnownFileType = sourcecode.swift; path = AppDelegate.swift; sourceTree = "<group>"; };
		FD1E4DF91EE0966700626E22 /* GameScene.sks */ = {isa = PBXFileReference; lastKnownFileType = file.sks; path = GameScene.sks; sourceTree = "<group>"; };
		FD1E4DFB1EE0966700626E22 /* Actions.sks */ = {isa = PBXFileReference; lastKnownFileType = file.sks; path = Actions.sks; sourceTree = "<group>"; };
		FD1E4DFD1EE0966700626E22 /* GameScene.swift */ = {isa = PBXFileReference; lastKnownFileType = sourcecode.swift; path = GameScene.swift; sourceTree = "<group>"; };
		FD1E4DFF1EE0966700626E22 /* GameViewController.swift */ = {isa = PBXFileReference; lastKnownFileType = sourcecode.swift; path = GameViewController.swift; sourceTree = "<group>"; };
		FD1E4E021EE0966700626E22 /* Base */ = {isa = PBXFileReference; lastKnownFileType = file.storyboard; name = Base; path = Base.lproj/Main.storyboard; sourceTree = "<group>"; };
		FD1E4E041EE0966700626E22 /* Assets.xcassets */ = {isa = PBXFileReference; lastKnownFileType = folder.assetcatalog; path = Assets.xcassets; sourceTree = "<group>"; };
		FD1E4E071EE0966700626E22 /* Base */ = {isa = PBXFileReference; lastKnownFileType = file.storyboard; name = Base; path = Base.lproj/LaunchScreen.storyboard; sourceTree = "<group>"; };
		FD1E4E091EE0966700626E22 /* Info.plist */ = {isa = PBXFileReference; lastKnownFileType = text.plist.xml; path = Info.plist; sourceTree = "<group>"; };
		FD1E4E0F1EE096F000626E22 /* Unit.swift */ = {isa = PBXFileReference; fileEncoding = 4; lastKnownFileType = sourcecode.swift; path = Unit.swift; sourceTree = "<group>"; };
		FD1E4E121EE0974900626E22 /* Warrior.swift */ = {isa = PBXFileReference; fileEncoding = 4; lastKnownFileType = sourcecode.swift; path = Warrior.swift; sourceTree = "<group>"; };
		FD1E4E151EE097DC00626E22 /* LevelMap.swift */ = {isa = PBXFileReference; fileEncoding = 4; lastKnownFileType = sourcecode.swift; path = LevelMap.swift; sourceTree = "<group>"; };
		FD1E4E1B1EE098AB00626E22 /* UserDatabase.swift */ = {isa = PBXFileReference; fileEncoding = 4; lastKnownFileType = sourcecode.swift; path = UserDatabase.swift; sourceTree = "<group>"; };
		FD1E4E1F1EE108EB00626E22 /* Item.swift */ = {isa = PBXFileReference; fileEncoding = 4; lastKnownFileType = sourcecode.swift; path = Item.swift; sourceTree = "<group>"; };
		FD1E4E211EE108FE00626E22 /* Weapon.swift */ = {isa = PBXFileReference; fileEncoding = 4; lastKnownFileType = sourcecode.swift; path = Weapon.swift; sourceTree = "<group>"; };
		FD1E4E241EE1097600626E22 /* BattleEngine.swift */ = {isa = PBXFileReference; fileEncoding = 4; lastKnownFileType = sourcecode.swift; path = BattleEngine.swift; sourceTree = "<group>"; };
		FD1E4E261EE10C5D00626E22 /* Armor.swift */ = {isa = PBXFileReference; fileEncoding = 4; lastKnownFileType = sourcecode.swift; path = Armor.swift; sourceTree = "<group>"; };
		FD1E4E281EE10CD400626E22 /* PartyMembers.swift */ = {isa = PBXFileReference; fileEncoding = 4; lastKnownFileType = sourcecode.swift; path = PartyMembers.swift; sourceTree = "<group>"; };
		FD1E4E2A1EE10DD500626E22 /* EquipmentController.swift */ = {isa = PBXFileReference; fileEncoding = 4; lastKnownFileType = sourcecode.swift; path = EquipmentController.swift; sourceTree = "<group>"; };
		FD1E4E2E1EE24D7800626E22 /* PlayerUnit.swift */ = {isa = PBXFileReference; fileEncoding = 4; lastKnownFileType = sourcecode.swift; path = PlayerUnit.swift; sourceTree = "<group>"; };
		FD1E4E301EE24DBF00626E22 /* MonsterUnit.swift */ = {isa = PBXFileReference; fileEncoding = 4; lastKnownFileType = sourcecode.swift; path = MonsterUnit.swift; sourceTree = "<group>"; };
		FD1E4E331EE24EFD00626E22 /* StatsComponent.swift */ = {isa = PBXFileReference; fileEncoding = 4; lastKnownFileType = sourcecode.swift; path = StatsComponent.swift; sourceTree = "<group>"; };
		FD1E4E371EE2519900626E22 /* Slash.swift */ = {isa = PBXFileReference; fileEncoding = 4; lastKnownFileType = sourcecode.swift; path = Slash.swift; sourceTree = "<group>"; };
		FD1E4E391EE251B300626E22 /* Skill.swift */ = {isa = PBXFileReference; fileEncoding = 4; lastKnownFileType = sourcecode.swift; path = Skill.swift; sourceTree = "<group>"; };
		FD1E4E3B1EE316B000626E22 /* GoblinSpear.swift */ = {isa = PBXFileReference; fileEncoding = 4; lastKnownFileType = sourcecode.swift; path = GoblinSpear.swift; sourceTree = "<group>"; };
		FD1E4E3F1EE3904F00626E22 /* BattleTeam.swift */ = {isa = PBXFileReference; fileEncoding = 4; lastKnownFileType = sourcecode.swift; path = BattleTeam.swift; sourceTree = "<group>"; };
		FD1E4E421EE3B74E00626E22 /* Stab.swift */ = {isa = PBXFileReference; fileEncoding = 4; lastKnownFileType = sourcecode.swift; path = Stab.swift; sourceTree = "<group>"; };
		FD1E4E441EE5CAF500626E22 /* PlayerTeam.swift */ = {isa = PBXFileReference; fileEncoding = 4; lastKnownFileType = sourcecode.swift; path = PlayerTeam.swift; sourceTree = "<group>"; };
		FD1E4E461EE5CB0800626E22 /* MonsterTeam.swift */ = {isa = PBXFileReference; fileEncoding = 4; lastKnownFileType = sourcecode.swift; path = MonsterTeam.swift; sourceTree = "<group>"; };
		FD1E4E4B1EE5DA3F00626E22 /* BattleHUDLayer.swift */ = {isa = PBXFileReference; fileEncoding = 4; lastKnownFileType = sourcecode.swift; path = BattleHUDLayer.swift; sourceTree = "<group>"; };
		FD1E4E4F1EE8E54400626E22 /* SkillManager.swift */ = {isa = PBXFileReference; fileEncoding = 4; lastKnownFileType = sourcecode.swift; path = SkillManager.swift; sourceTree = "<group>"; };
		FD1E4E511EEA429F00626E22 /* SpriteComponent.swift */ = {isa = PBXFileReference; fileEncoding = 4; lastKnownFileType = sourcecode.swift; path = SpriteComponent.swift; sourceTree = "<group>"; };
		FD1E4E531EEA433500626E22 /* Extensions.swift */ = {isa = PBXFileReference; fileEncoding = 4; lastKnownFileType = sourcecode.swift; path = Extensions.swift; sourceTree = "<group>"; };
		FD1E4E551EEA435500626E22 /* GlobalVariables.swift */ = {isa = PBXFileReference; fileEncoding = 4; lastKnownFileType = sourcecode.swift; path = GlobalVariables.swift; sourceTree = "<group>"; };
		FD1E4E571EEA6C2E00626E22 /* BattleHUDLayer.xib */ = {isa = PBXFileReference; fileEncoding = 4; lastKnownFileType = file.xib; path = BattleHUDLayer.xib; sourceTree = "<group>"; };
		FD1E4E591EEF7F3100626E22 /* SkillCard.swift */ = {isa = PBXFileReference; fileEncoding = 4; lastKnownFileType = sourcecode.swift; path = SkillCard.swift; sourceTree = "<group>"; };
		FD1E4E5B1EEF815500626E22 /* BattleComponent.swift */ = {isa = PBXFileReference; fileEncoding = 4; lastKnownFileType = sourcecode.swift; path = BattleComponent.swift; sourceTree = "<group>"; };
		FD1E4E5D1EF084BD00626E22 /* BattleStation.swift */ = {isa = PBXFileReference; fileEncoding = 4; lastKnownFileType = sourcecode.swift; path = BattleStation.swift; sourceTree = "<group>"; };
/* End PBXFileReference section */

/* Begin PBXFrameworksBuildPhase section */
		FD1E4DF11EE0966700626E22 /* Frameworks */ = {
			isa = PBXFrameworksBuildPhase;
			buildActionMask = 2147483647;
			files = (
			);
			runOnlyForDeploymentPostprocessing = 0;
		};
/* End PBXFrameworksBuildPhase section */

/* Begin PBXGroup section */
		FD1E4DEB1EE0966700626E22 = {
			isa = PBXGroup;
			children = (
				FD1E4DF61EE0966700626E22 /* Dungeonaire */,
				FD1E4DF51EE0966700626E22 /* Products */,
			);
			sourceTree = "<group>";
		};
		FD1E4DF51EE0966700626E22 /* Products */ = {
			isa = PBXGroup;
			children = (
				FD1E4DF41EE0966700626E22 /* Dungeonaire.app */,
			);
			name = Products;
			sourceTree = "<group>";
		};
		FD1E4DF61EE0966700626E22 /* Dungeonaire */ = {
			isa = PBXGroup;
			children = (
				FD1E4E011EE0966700626E22 /* Main.storyboard */,
				FD1E4DF71EE0966700626E22 /* AppDelegate.swift */,
				FD1E4DF91EE0966700626E22 /* GameScene.sks */,
				FD1E4DFB1EE0966700626E22 /* Actions.sks */,
				FD1E4DFF1EE0966700626E22 /* GameViewController.swift */,
				FD1E4E171EE0980400626E22 /* HudLayer */,
				FD1E4E231EE1094300626E22 /* GameLogic */,
				FD1E4E141EE097B300626E22 /* GameMap */,
				FD1E4E1D1EE1089A00626E22 /* GameModels */,
				FD1E4E1E1EE108D500626E22 /* ItemModels */,
				FD1E4E531EEA433500626E22 /* Extensions.swift */,
				FD1E4E551EEA435500626E22 /* GlobalVariables.swift */,
				FD1E4E041EE0966700626E22 /* Assets.xcassets */,
				FD1E4E061EE0966700626E22 /* LaunchScreen.storyboard */,
				FD1E4E091EE0966700626E22 /* Info.plist */,
			);
			path = Dungeonaire;
			sourceTree = "<group>";
		};
		FD1E4E111EE0971F00626E22 /* UnitModels */ = {
			isa = PBXGroup;
			children = (
				FD1E4E321EE24EB500626E22 /* BaseUnitModel */,
				FD1E4E2C1EE24CEA00626E22 /* PlayerUnits */,
				FD1E4E2D1EE24CFF00626E22 /* EnemyUnits */,
			);
			name = UnitModels;
			sourceTree = "<group>";
		};
		FD1E4E141EE097B300626E22 /* GameMap */ = {
			isa = PBXGroup;
			children = (
				FD1E4E151EE097DC00626E22 /* LevelMap.swift */,
				FD1E4DFD1EE0966700626E22 /* GameScene.swift */,
			);
			name = GameMap;
			sourceTree = "<group>";
		};
		FD1E4E171EE0980400626E22 /* HudLayer */ = {
			isa = PBXGroup;
			children = (
				FD1E4E4B1EE5DA3F00626E22 /* BattleHUDLayer.swift */,
				FD1E4E571EEA6C2E00626E22 /* BattleHUDLayer.xib */,
			);
			name = HudLayer;
			sourceTree = "<group>";
		};
		FD1E4E1A1EE0988600626E22 /* UserModel */ = {
			isa = PBXGroup;
			children = (
				FD1E4E1B1EE098AB00626E22 /* UserDatabase.swift */,
				FD1E4E281EE10CD400626E22 /* PartyMembers.swift */,
			);
			name = UserModel;
			sourceTree = "<group>";
		};
		FD1E4E1D1EE1089A00626E22 /* GameModels */ = {
			isa = PBXGroup;
			children = (
				FD1E4E1A1EE0988600626E22 /* UserModel */,
				FD1E4E111EE0971F00626E22 /* UnitModels */,
			);
			name = GameModels;
			sourceTree = "<group>";
		};
		FD1E4E1E1EE108D500626E22 /* ItemModels */ = {
			isa = PBXGroup;
			children = (
				FD1E4E2A1EE10DD500626E22 /* EquipmentController.swift */,
				FD1E4E1F1EE108EB00626E22 /* Item.swift */,
				FD1E4E211EE108FE00626E22 /* Weapon.swift */,
				FD1E4E261EE10C5D00626E22 /* Armor.swift */,
			);
			name = ItemModels;
			sourceTree = "<group>";
		};
		FD1E4E231EE1094300626E22 /* GameLogic */ = {
			isa = PBXGroup;
			children = (
				FD1E4E241EE1097600626E22 /* BattleEngine.swift */,
				FD1E4E5D1EF084BD00626E22 /* BattleStation.swift */,
				FD1E4E481EE5CB9500626E22 /* BattleTeams */,
			);
			name = GameLogic;
			sourceTree = "<group>";
		};
		FD1E4E2C1EE24CEA00626E22 /* PlayerUnits */ = {
			isa = PBXGroup;
			children = (
				FD1E4E2E1EE24D7800626E22 /* PlayerUnit.swift */,
				FD1E4E351EE2515700626E22 /* WarriorUnit */,
			);
			name = PlayerUnits;
			sourceTree = "<group>";
		};
		FD1E4E2D1EE24CFF00626E22 /* EnemyUnits */ = {
			isa = PBXGroup;
			children = (
				FD1E4E301EE24DBF00626E22 /* MonsterUnit.swift */,
				FD1E4E3E1EE316CD00626E22 /* Goblins */,
			);
			name = EnemyUnits;
			sourceTree = "<group>";
		};
		FD1E4E321EE24EB500626E22 /* BaseUnitModel */ = {
			isa = PBXGroup;
			children = (
				FD1E4E0F1EE096F000626E22 /* Unit.swift */,
				FD1E4E5B1EEF815500626E22 /* BattleComponent.swift */,
				FD1E4E511EEA429F00626E22 /* SpriteComponent.swift */,
				FD1E4E331EE24EFD00626E22 /* StatsComponent.swift */,
				FD1E4E4F1EE8E54400626E22 /* SkillManager.swift */,
				FD1E4E391EE251B300626E22 /* Skill.swift */,
				FD1E4E591EEF7F3100626E22 /* SkillCard.swift */,
			);
			name = BaseUnitModel;
			sourceTree = "<group>";
		};
		FD1E4E351EE2515700626E22 /* WarriorUnit */ = {
			isa = PBXGroup;
			children = (
				FD1E4E121EE0974900626E22 /* Warrior.swift */,
				FD1E4E361EE2517800626E22 /* WarriorSkills */,
			);
			name = WarriorUnit;
			sourceTree = "<group>";
		};
		FD1E4E361EE2517800626E22 /* WarriorSkills */ = {
			isa = PBXGroup;
			children = (
				FD1E4E371EE2519900626E22 /* Slash.swift */,
			);
			name = WarriorSkills;
			sourceTree = "<group>";
		};
		FD1E4E3D1EE316C000626E22 /* GoblinSpear */ = {
			isa = PBXGroup;
			children = (
				FD1E4E3B1EE316B000626E22 /* GoblinSpear.swift */,
				FD1E4E411EE3B73D00626E22 /* GoblinSpearSkills */,
			);
			name = GoblinSpear;
			sourceTree = "<group>";
		};
		FD1E4E3E1EE316CD00626E22 /* Goblins */ = {
			isa = PBXGroup;
			children = (
				FD1E4E3D1EE316C000626E22 /* GoblinSpear */,
			);
			name = Goblins;
			sourceTree = "<group>";
		};
		FD1E4E411EE3B73D00626E22 /* GoblinSpearSkills */ = {
			isa = PBXGroup;
			children = (
				FD1E4E421EE3B74E00626E22 /* Stab.swift */,
			);
			name = GoblinSpearSkills;
			sourceTree = "<group>";
		};
		FD1E4E481EE5CB9500626E22 /* BattleTeams */ = {
			isa = PBXGroup;
			children = (
				FD1E4E3F1EE3904F00626E22 /* BattleTeam.swift */,
				FD1E4E441EE5CAF500626E22 /* PlayerTeam.swift */,
				FD1E4E461EE5CB0800626E22 /* MonsterTeam.swift */,
			);
			name = BattleTeams;
			sourceTree = "<group>";
		};
/* End PBXGroup section */

/* Begin PBXNativeTarget section */
		FD1E4DF31EE0966700626E22 /* Dungeonaire */ = {
			isa = PBXNativeTarget;
			buildConfigurationList = FD1E4E0C1EE0966700626E22 /* Build configuration list for PBXNativeTarget "Dungeonaire" */;
			buildPhases = (
				FD1E4DF01EE0966700626E22 /* Sources */,
				FD1E4DF11EE0966700626E22 /* Frameworks */,
				FD1E4DF21EE0966700626E22 /* Resources */,
			);
			buildRules = (
			);
			dependencies = (
			);
			name = Dungeonaire;
			productName = Dungeonaire;
			productReference = FD1E4DF41EE0966700626E22 /* Dungeonaire.app */;
			productType = "com.apple.product-type.application";
		};
/* End PBXNativeTarget section */

/* Begin PBXProject section */
		FD1E4DEC1EE0966700626E22 /* Project object */ = {
			isa = PBXProject;
			attributes = {
				LastSwiftUpdateCheck = 0830;
				LastUpgradeCheck = 0830;
				ORGANIZATIONNAME = "Benjamin Su";
				TargetAttributes = {
					FD1E4DF31EE0966700626E22 = {
						CreatedOnToolsVersion = 8.3.2;
						DevelopmentTeam = Y7JKK8T2ED;
						ProvisioningStyle = Automatic;
					};
				};
			};
			buildConfigurationList = FD1E4DEF1EE0966700626E22 /* Build configuration list for PBXProject "Dungeonaire" */;
			compatibilityVersion = "Xcode 3.2";
			developmentRegion = English;
			hasScannedForEncodings = 0;
			knownRegions = (
				en,
				Base,
			);
			mainGroup = FD1E4DEB1EE0966700626E22;
			productRefGroup = FD1E4DF51EE0966700626E22 /* Products */;
			projectDirPath = "";
			projectRoot = "";
			targets = (
				FD1E4DF31EE0966700626E22 /* Dungeonaire */,
			);
		};
/* End PBXProject section */

/* Begin PBXResourcesBuildPhase section */
		FD1E4DF21EE0966700626E22 /* Resources */ = {
			isa = PBXResourcesBuildPhase;
			buildActionMask = 2147483647;
			files = (
				FD1E4E031EE0966700626E22 /* Main.storyboard in Resources */,
				FD1E4DFA1EE0966700626E22 /* GameScene.sks in Resources */,
				FD1E4E051EE0966700626E22 /* Assets.xcassets in Resources */,
				FD1E4E081EE0966700626E22 /* LaunchScreen.storyboard in Resources */,
				FD1E4DFC1EE0966700626E22 /* Actions.sks in Resources */,
				FD1E4E581EEA6C2E00626E22 /* BattleHUDLayer.xib in Resources */,
			);
			runOnlyForDeploymentPostprocessing = 0;
		};
/* End PBXResourcesBuildPhase section */

/* Begin PBXSourcesBuildPhase section */
		FD1E4DF01EE0966700626E22 /* Sources */ = {
			isa = PBXSourcesBuildPhase;
			buildActionMask = 2147483647;
			files = (
				FD1E4E401EE3904F00626E22 /* BattleTeam.swift in Sources */,
				FD1E4E541EEA433500626E22 /* Extensions.swift in Sources */,
				FD1E4E131EE0974900626E22 /* Warrior.swift in Sources */,
				FD1E4E341EE24EFD00626E22 /* StatsComponent.swift in Sources */,
				FD1E4E2F1EE24D7800626E22 /* PlayerUnit.swift in Sources */,
				FD1E4E291EE10CD400626E22 /* PartyMembers.swift in Sources */,
				FD1E4E5E1EF084BD00626E22 /* BattleStation.swift in Sources */,
				FD1E4E201EE108EB00626E22 /* Item.swift in Sources */,
				FD1E4E161EE097DC00626E22 /* LevelMap.swift in Sources */,
				FD1E4E2B1EE10DD500626E22 /* EquipmentController.swift in Sources */,
				FD1E4E271EE10C5D00626E22 /* Armor.swift in Sources */,
				FD1E4E561EEA435500626E22 /* GlobalVariables.swift in Sources */,
				FD1E4E4C1EE5DA3F00626E22 /* BattleHUDLayer.swift in Sources */,
				FD1E4E431EE3B74E00626E22 /* Stab.swift in Sources */,
				FD1E4E1C1EE098AB00626E22 /* UserDatabase.swift in Sources */,
				FD1E4E501EE8E54400626E22 /* SkillManager.swift in Sources */,
				FD1E4E311EE24DBF00626E22 /* MonsterUnit.swift in Sources */,
				FD1E4E221EE108FE00626E22 /* Weapon.swift in Sources */,
				FD1E4DFE1EE0966700626E22 /* GameScene.swift in Sources */,
				FD1E4E471EE5CB0800626E22 /* MonsterTeam.swift in Sources */,
				FD1E4E001EE0966700626E22 /* GameViewController.swift in Sources */,
				FD1E4DF81EE0966700626E22 /* AppDelegate.swift in Sources */,
				FD1E4E101EE096F000626E22 /* Unit.swift in Sources */,
				FD1E4E3A1EE251B300626E22 /* Skill.swift in Sources */,
				FD1E4E5A1EEF7F3100626E22 /* SkillCard.swift in Sources */,
				FD1E4E251EE1097600626E22 /* BattleEngine.swift in Sources */,
				FD1E4E521EEA429F00626E22 /* SpriteComponent.swift in Sources */,
				FD1E4E451EE5CAF500626E22 /* PlayerTeam.swift in Sources */,
				FD1E4E5C1EEF815500626E22 /* BattleComponent.swift in Sources */,
				FD1E4E3C1EE316B000626E22 /* GoblinSpear.swift in Sources */,
				FD1E4E381EE2519900626E22 /* Slash.swift in Sources */,
			);
			runOnlyForDeploymentPostprocessing = 0;
		};
/* End PBXSourcesBuildPhase section */

/* Begin PBXVariantGroup section */
		FD1E4E011EE0966700626E22 /* Main.storyboard */ = {
			isa = PBXVariantGroup;
			children = (
				FD1E4E021EE0966700626E22 /* Base */,
			);
			name = Main.storyboard;
			sourceTree = "<group>";
		};
		FD1E4E061EE0966700626E22 /* LaunchScreen.storyboard */ = {
			isa = PBXVariantGroup;
			children = (
				FD1E4E071EE0966700626E22 /* Base */,
			);
			name = LaunchScreen.storyboard;
			sourceTree = "<group>";
		};
/* End PBXVariantGroup section */

/* Begin XCBuildConfiguration section */
		FD1E4E0A1EE0966700626E22 /* Debug */ = {
			isa = XCBuildConfiguration;
			buildSettings = {
				ALWAYS_SEARCH_USER_PATHS = NO;
				CLANG_ANALYZER_NONNULL = YES;
				CLANG_ANALYZER_NUMBER_OBJECT_CONVERSION = YES_AGGRESSIVE;
				CLANG_CXX_LANGUAGE_STANDARD = "gnu++0x";
				CLANG_CXX_LIBRARY = "libc++";
				CLANG_ENABLE_MODULES = YES;
				CLANG_ENABLE_OBJC_ARC = YES;
				CLANG_WARN_BOOL_CONVERSION = YES;
				CLANG_WARN_CONSTANT_CONVERSION = YES;
				CLANG_WARN_DIRECT_OBJC_ISA_USAGE = YES_ERROR;
				CLANG_WARN_DOCUMENTATION_COMMENTS = YES;
				CLANG_WARN_EMPTY_BODY = YES;
				CLANG_WARN_ENUM_CONVERSION = YES;
				CLANG_WARN_INFINITE_RECURSION = YES;
				CLANG_WARN_INT_CONVERSION = YES;
				CLANG_WARN_OBJC_ROOT_CLASS = YES_ERROR;
				CLANG_WARN_SUSPICIOUS_MOVE = YES;
				CLANG_WARN_UNREACHABLE_CODE = YES;
				CLANG_WARN__DUPLICATE_METHOD_MATCH = YES;
				"CODE_SIGN_IDENTITY[sdk=iphoneos*]" = "iPhone Developer";
				COPY_PHASE_STRIP = NO;
				DEBUG_INFORMATION_FORMAT = dwarf;
				ENABLE_STRICT_OBJC_MSGSEND = YES;
				ENABLE_TESTABILITY = YES;
				GCC_C_LANGUAGE_STANDARD = gnu99;
				GCC_DYNAMIC_NO_PIC = NO;
				GCC_NO_COMMON_BLOCKS = YES;
				GCC_OPTIMIZATION_LEVEL = 0;
				GCC_PREPROCESSOR_DEFINITIONS = (
					"DEBUG=1",
					"$(inherited)",
				);
				GCC_WARN_64_TO_32_BIT_CONVERSION = YES;
				GCC_WARN_ABOUT_RETURN_TYPE = YES_ERROR;
				GCC_WARN_UNDECLARED_SELECTOR = YES;
				GCC_WARN_UNINITIALIZED_AUTOS = YES_AGGRESSIVE;
				GCC_WARN_UNUSED_FUNCTION = YES;
				GCC_WARN_UNUSED_VARIABLE = YES;
				IPHONEOS_DEPLOYMENT_TARGET = 10.3;
				MTL_ENABLE_DEBUG_INFO = YES;
				ONLY_ACTIVE_ARCH = YES;
				SDKROOT = iphoneos;
				SWIFT_ACTIVE_COMPILATION_CONDITIONS = DEBUG;
				SWIFT_OPTIMIZATION_LEVEL = "-Onone";
			};
			name = Debug;
		};
		FD1E4E0B1EE0966700626E22 /* Release */ = {
			isa = XCBuildConfiguration;
			buildSettings = {
				ALWAYS_SEARCH_USER_PATHS = NO;
				CLANG_ANALYZER_NONNULL = YES;
				CLANG_ANALYZER_NUMBER_OBJECT_CONVERSION = YES_AGGRESSIVE;
				CLANG_CXX_LANGUAGE_STANDARD = "gnu++0x";
				CLANG_CXX_LIBRARY = "libc++";
				CLANG_ENABLE_MODULES = YES;
				CLANG_ENABLE_OBJC_ARC = YES;
				CLANG_WARN_BOOL_CONVERSION = YES;
				CLANG_WARN_CONSTANT_CONVERSION = YES;
				CLANG_WARN_DIRECT_OBJC_ISA_USAGE = YES_ERROR;
				CLANG_WARN_DOCUMENTATION_COMMENTS = YES;
				CLANG_WARN_EMPTY_BODY = YES;
				CLANG_WARN_ENUM_CONVERSION = YES;
				CLANG_WARN_INFINITE_RECURSION = YES;
				CLANG_WARN_INT_CONVERSION = YES;
				CLANG_WARN_OBJC_ROOT_CLASS = YES_ERROR;
				CLANG_WARN_SUSPICIOUS_MOVE = YES;
				CLANG_WARN_UNREACHABLE_CODE = YES;
				CLANG_WARN__DUPLICATE_METHOD_MATCH = YES;
				"CODE_SIGN_IDENTITY[sdk=iphoneos*]" = "iPhone Developer";
				COPY_PHASE_STRIP = NO;
				DEBUG_INFORMATION_FORMAT = "dwarf-with-dsym";
				ENABLE_NS_ASSERTIONS = NO;
				ENABLE_STRICT_OBJC_MSGSEND = YES;
				GCC_C_LANGUAGE_STANDARD = gnu99;
				GCC_NO_COMMON_BLOCKS = YES;
				GCC_WARN_64_TO_32_BIT_CONVERSION = YES;
				GCC_WARN_ABOUT_RETURN_TYPE = YES_ERROR;
				GCC_WARN_UNDECLARED_SELECTOR = YES;
				GCC_WARN_UNINITIALIZED_AUTOS = YES_AGGRESSIVE;
				GCC_WARN_UNUSED_FUNCTION = YES;
				GCC_WARN_UNUSED_VARIABLE = YES;
				IPHONEOS_DEPLOYMENT_TARGET = 10.3;
				MTL_ENABLE_DEBUG_INFO = NO;
				SDKROOT = iphoneos;
				SWIFT_OPTIMIZATION_LEVEL = "-Owholemodule";
				VALIDATE_PRODUCT = YES;
			};
			name = Release;
		};
		FD1E4E0D1EE0966700626E22 /* Debug */ = {
			isa = XCBuildConfiguration;
			buildSettings = {
				ASSETCATALOG_COMPILER_APPICON_NAME = AppIcon;
				DEVELOPMENT_TEAM = Y7JKK8T2ED;
				INFOPLIST_FILE = Dungeonaire/Info.plist;
				LD_RUNPATH_SEARCH_PATHS = "$(inherited) @executable_path/Frameworks";
				PRODUCT_BUNDLE_IDENTIFIER = BS.Dungeonaire;
				PRODUCT_NAME = "$(TARGET_NAME)";
				SWIFT_VERSION = 3.0;
			};
			name = Debug;
		};
		FD1E4E0E1EE0966700626E22 /* Release */ = {
			isa = XCBuildConfiguration;
			buildSettings = {
				ASSETCATALOG_COMPILER_APPICON_NAME = AppIcon;
				DEVELOPMENT_TEAM = Y7JKK8T2ED;
				INFOPLIST_FILE = Dungeonaire/Info.plist;
				LD_RUNPATH_SEARCH_PATHS = "$(inherited) @executable_path/Frameworks";
				PRODUCT_BUNDLE_IDENTIFIER = BS.Dungeonaire;
				PRODUCT_NAME = "$(TARGET_NAME)";
				SWIFT_VERSION = 3.0;
			};
			name = Release;
		};
/* End XCBuildConfiguration section */

/* Begin XCConfigurationList section */
		FD1E4DEF1EE0966700626E22 /* Build configuration list for PBXProject "Dungeonaire" */ = {
			isa = XCConfigurationList;
			buildConfigurations = (
				FD1E4E0A1EE0966700626E22 /* Debug */,
				FD1E4E0B1EE0966700626E22 /* Release */,
			);
			defaultConfigurationIsVisible = 0;
			defaultConfigurationName = Release;
		};
		FD1E4E0C1EE0966700626E22 /* Build configuration list for PBXNativeTarget "Dungeonaire" */ = {
			isa = XCConfigurationList;
			buildConfigurations = (
				FD1E4E0D1EE0966700626E22 /* Debug */,
				FD1E4E0E1EE0966700626E22 /* Release */,
			);
			defaultConfigurationIsVisible = 0;
			defaultConfigurationName = Release;
		};
/* End XCConfigurationList section */
	};
	rootObject = FD1E4DEC1EE0966700626E22 /* Project object */;
}
